# This file is generated by running "yarn install" inside your project.
# Manual changes might be lost - proceed with caution!

__metadata:
  version: 8
  cacheKey: 10c0

"available-typed-arrays@npm:^1.0.5":
  version: 1.0.5
  resolution: "available-typed-arrays@npm:1.0.5"
  checksum: c4df567ca72d2754a6cbad20088f5f98b1065b3360178169fa9b44ea101af62c0f423fc3854fa820fd6895b6b9171b8386e71558203103ff8fc2ad503fdcc660
  languageName: node
  linkType: hard

"balanced-match@npm:^1.0.0":
  version: 1.0.2
  resolution: "balanced-match@npm:1.0.2"
  checksum: 9308baf0a7e4838a82bbfd11e01b1cb0f0cf2893bc1676c27c2a8c0e70cbae1c59120c3268517a8ae7fb6376b4639ef81ca22582611dbee4ed28df945134aaee
  languageName: node
  linkType: hard

"brace-expansion@npm:^1.1.7":
  version: 1.1.11
  resolution: "brace-expansion@npm:1.1.11"
  dependencies:
    balanced-match: "npm:^1.0.0"
    concat-map: "npm:0.0.1"
  checksum: 695a56cd058096a7cb71fb09d9d6a7070113c7be516699ed361317aca2ec169f618e28b8af352e02ab4233fb54eb0168460a40dc320bab0034b36ab59aaad668
  languageName: node
  linkType: hard

"call-bind@npm:^1.0.2, call-bind@npm:^1.0.4":
  version: 1.0.5
  resolution: "call-bind@npm:1.0.5"
  dependencies:
    function-bind: "npm:^1.1.2"
    get-intrinsic: "npm:^1.2.1"
    set-function-length: "npm:^1.1.1"
  checksum: a6172c168fd6dacf744fcde745099218056bd755c50415b592655dcd6562157ed29f130f56c3f6db2250f67e4bd62e5c218cdc56d7bfd76e0bda50770fce2d10
  languageName: node
  linkType: hard

"concat-map@npm:0.0.1":
  version: 0.0.1
  resolution: "concat-map@npm:0.0.1"
  checksum: c996b1cfdf95b6c90fee4dae37e332c8b6eb7d106430c17d538034c0ad9a1630cb194d2ab37293b1bdd4d779494beee7786d586a50bd9376fd6f7bcc2bd4c98f
  languageName: node
  linkType: hard

"define-data-property@npm:^1.1.1":
  version: 1.1.1
  resolution: "define-data-property@npm:1.1.1"
  dependencies:
    get-intrinsic: "npm:^1.2.1"
    gopd: "npm:^1.0.1"
    has-property-descriptors: "npm:^1.0.0"
  checksum: 77ef6e0bceb515e05b5913ab635a84d537cee84f8a7c37c77fdcb31fc5b80f6dbe81b33375e4b67d96aa04e6a0d8d4ea099e431d83f089af8d93adfb584bcb94
  languageName: node
  linkType: hard

"for-each@npm:^0.3.3":
  version: 0.3.3
  resolution: "for-each@npm:0.3.3"
  dependencies:
    is-callable: "npm:^1.1.3"
  checksum: 22330d8a2db728dbf003ec9182c2d421fbcd2969b02b4f97ec288721cda63eb28f2c08585ddccd0f77cb2930af8d958005c9e72f47141dc51816127a118f39aa
  languageName: node
  linkType: hard

"fs.realpath@npm:^1.0.0":
  version: 1.0.0
  resolution: "fs.realpath@npm:1.0.0"
  checksum: 444cf1291d997165dfd4c0d58b69f0e4782bfd9149fd72faa4fe299e68e0e93d6db941660b37dd29153bf7186672ececa3b50b7e7249477b03fdf850f287c948
  languageName: node
  linkType: hard

"function-bind@npm:^1.1.2":
  version: 1.1.2
  resolution: "function-bind@npm:1.1.2"
  checksum: d8680ee1e5fcd4c197e4ac33b2b4dce03c71f4d91717292785703db200f5c21f977c568d28061226f9b5900cbcd2c84463646134fd5337e7925e0942bc3f46d5
  languageName: node
  linkType: hard

"get-intrinsic@npm:^1.1.3, get-intrinsic@npm:^1.2.1, get-intrinsic@npm:^1.2.2":
  version: 1.2.2
  resolution: "get-intrinsic@npm:1.2.2"
  dependencies:
    function-bind: "npm:^1.1.2"
    has-proto: "npm:^1.0.1"
    has-symbols: "npm:^1.0.3"
    hasown: "npm:^2.0.0"
  checksum: 4e7fb8adc6172bae7c4fe579569b4d5238b3667c07931cd46b4eee74bbe6ff6b91329bec311a638d8e60f5b51f44fe5445693c6be89ae88d4b5c49f7ff12db0b
  languageName: node
  linkType: hard

"glob@npm:^7.1.5":
  version: 7.2.3
  resolution: "glob@npm:7.2.3"
  dependencies:
    fs.realpath: "npm:^1.0.0"
    inflight: "npm:^1.0.4"
    inherits: "npm:2"
    minimatch: "npm:^3.1.1"
    once: "npm:^1.3.0"
    path-is-absolute: "npm:^1.0.0"
  checksum: 65676153e2b0c9095100fe7f25a778bf45608eeb32c6048cf307f579649bcc30353277b3b898a3792602c65764e5baa4f643714dfbdfd64ea271d210c7a425fe
  languageName: node
  linkType: hard

"gopd@npm:^1.0.1":
  version: 1.0.1
  resolution: "gopd@npm:1.0.1"
  dependencies:
    get-intrinsic: "npm:^1.1.3"
  checksum: 505c05487f7944c552cee72087bf1567debb470d4355b1335f2c262d218ebbff805cd3715448fe29b4b380bae6912561d0467233e4165830efd28da241418c63
  languageName: node
  linkType: hard

"has-property-descriptors@npm:^1.0.0":
  version: 1.0.1
  resolution: "has-property-descriptors@npm:1.0.1"
  dependencies:
    get-intrinsic: "npm:^1.2.2"
  checksum: d62ba94b40150b00d621bc64a6aedb5bf0ee495308b4b7ed6bac856043db3cdfb1db553ae81cec91c9d2bd82057ff0e94145e7fa25d5aa5985ed32e0921927f6
  languageName: node
  linkType: hard

"has-proto@npm:^1.0.1":
  version: 1.0.1
  resolution: "has-proto@npm:1.0.1"
  checksum: c8a8fe411f810b23a564bd5546a8f3f0fff6f1b692740eb7a2fdc9df716ef870040806891e2f23ff4653f1083e3895bf12088703dd1a0eac3d9202d3a4768cd0
  languageName: node
  linkType: hard

"has-symbols@npm:^1.0.2, has-symbols@npm:^1.0.3":
  version: 1.0.3
  resolution: "has-symbols@npm:1.0.3"
  checksum: e6922b4345a3f37069cdfe8600febbca791c94988c01af3394d86ca3360b4b93928bbf395859158f88099cb10b19d98e3bbab7c9ff2c1bd09cf665ee90afa2c3
  languageName: node
  linkType: hard

"has-tostringtag@npm:^1.0.0":
  version: 1.0.0
  resolution: "has-tostringtag@npm:1.0.0"
  dependencies:
    has-symbols: "npm:^1.0.2"
  checksum: 1cdba76b7d13f65198a92b8ca1560ba40edfa09e85d182bf436d928f3588a9ebd260451d569f0ed1b849c4bf54f49c862aa0d0a77f9552b1855bb6deb526c011
  languageName: node
  linkType: hard

"hasown@npm:^2.0.0":
  version: 2.0.0
  resolution: "hasown@npm:2.0.0"
  dependencies:
    function-bind: "npm:^1.1.2"
  checksum: 5d415b114f410661208c95e7ab4879f1cc2765b8daceff4dc8718317d1cb7b9ffa7c5d1eafd9a4389c9aab7445d6ea88e05f3096cb1e529618b55304956b87fc
  languageName: node
  linkType: hard

"htdocs@workspace:.":
  version: 0.0.0-use.local
  resolution: "htdocs@workspace:."
  dependencies:
    tsc-esm: "npm:^1.0.4"
    typescript: "npm:^5.3.3"
  languageName: unknown
  linkType: soft

"inflight@npm:^1.0.4":
  version: 1.0.6
  resolution: "inflight@npm:1.0.6"
  dependencies:
    once: "npm:^1.3.0"
    wrappy: "npm:1"
  checksum: 7faca22584600a9dc5b9fca2cd5feb7135ac8c935449837b315676b4c90aa4f391ec4f42240178244b5a34e8bede1948627fda392ca3191522fc46b34e985ab2
  languageName: node
  linkType: hard

"inherits@npm:2, inherits@npm:^2.0.3":
  version: 2.0.4
  resolution: "inherits@npm:2.0.4"
  checksum: 4e531f648b29039fb7426fb94075e6545faa1eb9fe83c29f0b6d9e7263aceb4289d2d4557db0d428188eeb449cc7c5e77b0a0b2c4e248ff2a65933a0dee49ef2
  languageName: node
  linkType: hard

"is-arguments@npm:^1.0.4":
  version: 1.1.1
  resolution: "is-arguments@npm:1.1.1"
  dependencies:
    call-bind: "npm:^1.0.2"
    has-tostringtag: "npm:^1.0.0"
  checksum: 5ff1f341ee4475350adfc14b2328b38962564b7c2076be2f5bac7bd9b61779efba99b9f844a7b82ba7654adccf8e8eb19d1bb0cc6d1c1a085e498f6793d4328f
  languageName: node
  linkType: hard

"is-callable@npm:^1.1.3":
  version: 1.2.7
  resolution: "is-callable@npm:1.2.7"
  checksum: ceebaeb9d92e8adee604076971dd6000d38d6afc40bb843ea8e45c5579b57671c3f3b50d7f04869618242c6cee08d1b67806a8cb8edaaaf7c0748b3720d6066f
  languageName: node
  linkType: hard

"is-generator-function@npm:^1.0.7":
  version: 1.0.10
  resolution: "is-generator-function@npm:1.0.10"
  dependencies:
    has-tostringtag: "npm:^1.0.0"
  checksum: df03514df01a6098945b5a0cfa1abff715807c8e72f57c49a0686ad54b3b74d394e2d8714e6f709a71eb00c9630d48e73ca1796c1ccc84ac95092c1fecc0d98b
  languageName: node
  linkType: hard

"is-typed-array@npm:^1.1.3":
  version: 1.1.12
  resolution: "is-typed-array@npm:1.1.12"
  dependencies:
    which-typed-array: "npm:^1.1.11"
  checksum: 9863e9cc7223c6fc1c462a2c3898a7beff6b41b1ee0fabb03b7d278ae7de670b5bcbc8627db56bb66ed60902fa37d53fe5cce0fd2f7d73ac64fe5da6f409b6ae
  languageName: node
  linkType: hard

"minimatch@npm:^3.1.1":
  version: 3.1.2
  resolution: "minimatch@npm:3.1.2"
  dependencies:
    brace-expansion: "npm:^1.1.7"
  checksum: 0262810a8fc2e72cca45d6fd86bd349eee435eb95ac6aa45c9ea2180e7ee875ef44c32b55b5973ceabe95ea12682f6e3725cbb63d7a2d1da3ae1163c8b210311
  languageName: node
  linkType: hard

"once@npm:^1.3.0":
  version: 1.4.0
  resolution: "once@npm:1.4.0"
  dependencies:
    wrappy: "npm:1"
  checksum: 5d48aca287dfefabd756621c5dfce5c91a549a93e9fdb7b8246bc4c4790aa2ec17b34a260530474635147aeb631a2dcc8b32c613df0675f96041cbb8244517d0
  languageName: node
  linkType: hard

"path-is-absolute@npm:^1.0.0":
  version: 1.0.1
  resolution: "path-is-absolute@npm:1.0.1"
  checksum: 127da03c82172a2a50099cddbf02510c1791fc2cc5f7713ddb613a56838db1e8168b121a920079d052e0936c23005562059756d653b7c544c53185efe53be078
  languageName: node
  linkType: hard

"set-function-length@npm:^1.1.1":
  version: 1.1.1
  resolution: "set-function-length@npm:1.1.1"
  dependencies:
    define-data-property: "npm:^1.1.1"
    get-intrinsic: "npm:^1.2.1"
    gopd: "npm:^1.0.1"
    has-property-descriptors: "npm:^1.0.0"
  checksum: a29e255c116c29e3323b851c4f46c58c91be9bb8b065f191e2ea1807cb2c839df56e3175732a498e0c6d54626ba6b6fef896bf699feb7ab70c42dc47eb247c95
  languageName: node
  linkType: hard

"tsc-esm@npm:^1.0.4":
  version: 1.0.4
  resolution: "tsc-esm@npm:1.0.4"
  dependencies:
    glob: "npm:^7.1.5"
    util: "npm:^0.12.1"
  bin:
    tsc-esm: dist/cli.js
  checksum: b2b81d2eb9f4094063c6dd8c89a17d25dacb83f62a430278bc36d8786a1487959e9adc78c953c41f42be2fccf75ef62584768cc97067736864e4855f5963eaf6
  languageName: node
  linkType: hard

"typescript@npm:^5.3.3":
  version: 5.3.3
  resolution: "typescript@npm:5.3.3"
  bin:
    tsc: bin/tsc
    tsserver: bin/tsserver
  checksum: e33cef99d82573624fc0f854a2980322714986bc35b9cb4d1ce736ed182aeab78e2cb32b385efa493b2a976ef52c53e20d6c6918312353a91850e2b76f1ea44f
  languageName: node
  linkType: hard

"typescript@patch:typescript@npm%3A^5.3.3#optional!builtin<compat/typescript>":
  version: 5.3.3
  resolution: "typescript@patch:typescript@npm%3A5.3.3#optional!builtin<compat/typescript>::version=5.3.3&hash=e012d7"
  bin:
    tsc: bin/tsc
    tsserver: bin/tsserver
  checksum: 1d0a5f4ce496c42caa9a30e659c467c5686eae15d54b027ee7866744952547f1be1262f2d40de911618c242b510029d51d43ff605dba8fb740ec85ca2d3f9500
  languageName: node
  linkType: hard

"util@npm:^0.12.1":
  version: 0.12.5
  resolution: "util@npm:0.12.5"
  dependencies:
    inherits: "npm:^2.0.3"
    is-arguments: "npm:^1.0.4"
    is-generator-function: "npm:^1.0.7"
    is-typed-array: "npm:^1.1.3"
    which-typed-array: "npm:^1.1.2"
  checksum: c27054de2cea2229a66c09522d0fa1415fb12d861d08523a8846bf2e4cbf0079d4c3f725f09dcb87493549bcbf05f5798dce1688b53c6c17201a45759e7253f3
  languageName: node
  linkType: hard

"which-typed-array@npm:^1.1.11, which-typed-array@npm:^1.1.2":
  version: 1.1.13
  resolution: "which-typed-array@npm:1.1.13"
  dependencies:
    available-typed-arrays: "npm:^1.0.5"
    call-bind: "npm:^1.0.4"
    for-each: "npm:^0.3.3"
    gopd: "npm:^1.0.1"
    has-tostringtag: "npm:^1.0.0"
  checksum: 9f5f1c42918df3d5b91c4315ed0051d5d874370998bf095c9ae0df374f0881f85094e3c384b8fb08ab7b4d4f54ba81c0aff75da6226e7c0589b83dfbec1cd4c9
  languageName: node
  linkType: hard

"wrappy@npm:1":
  version: 1.0.2
  resolution: "wrappy@npm:1.0.2"
  checksum: 56fece1a4018c6a6c8e28fbc88c87e0fbf4ea8fd64fc6c63b18f4acc4bd13e0ad2515189786dd2c30d3eec9663d70f4ecf699330002f8ccb547e4a18231fc9f0
  languageName: node
  linkType: hard
